
Microsoft Visual Studio Solution File, Format Version 12.00
# Visual Studio Version 16
VisualStudioVersion = 16.0.31727.386
MinimumVisualStudioVersion = 10.0.40219.1
Project("{8BC9CEB8-8B4A-11D0-8D11-00A0C91BC942}") = "StaticLib1ILISI", "StaticLib1ILISI\StaticLib1ILISI.vcxproj", "{FC7DFA31-716A-48C4-B50F-56CDE7F6154A}"
EndProject
Project("{8BC9CEB8-8B4A-11D0-8D11-00A0C91BC942}") = "Client Stack", "Client Stack\Client Stack.vcxproj", "{CE82BA71-E4E6-4D97-A8FD-578645BA5AA5}"
EndProject
Global
	GlobalSection(SolutionConfigurationPlatforms) = preSolution
		Debug|x64 = Debug|x64
		Debug|x86 = Debug|x86
		Release|x64 = Release|x64
		Release|x86 = Release|x86
	EndGlobalSection
	GlobalSection(ProjectConfigurationPlatforms) = postSolution
		{FC7DFA31-716A-48C4-B50F-56CDE7F6154A}.Debug|x64.ActiveCfg = Debug|x64
		{FC7DFA31-716A-48C4-B50F-56CDE7F6154A}.Debug|x64.Build.0 = Debug|x64
		{FC7DFA31-716A-48C4-B50F-56CDE7F6154A}.Debug|x86.ActiveCfg = Debug|Win32
		{FC7DFA31-716A-48C4-B50F-56CDE7F6154A}.Debug|x86.Build.0 = Debug|Win32
		{FC7DFA31-716A-48C4-B50F-56CDE7F6154A}.Release|x64.ActiveCfg = Release|x64
		{FC7DFA31-716A-48C4-B50F-56CDE7F6154A}.Release|x64.Build.0 = Release|x64
		{FC7DFA31-716A-48C4-B50F-56CDE7F6154A}.Release|x86.ActiveCfg = Release|Win32
		{FC7DFA31-716A-48C4-B50F-56CDE7F6154A}.Release|x86.Build.0 = Release|Win32
		{CE82BA71-E4E6-4D97-A8FD-578645BA5AA5}.Debug|x64.ActiveCfg = Debug|x64
		{CE82BA71-E4E6-4D97-A8FD-578645BA5AA5}.Debug|x64.Build.0 = Debug|x64
		{CE82BA71-E4E6-4D97-A8FD-578645BA5AA5}.Debug|x86.ActiveCfg = Debug|Win32
		{CE82BA71-E4E6-4D97-A8FD-578645BA5AA5}.Debug|x86.Build.0 = Debug|Win32
		{CE82BA71-E4E6-4D97-A8FD-578645BA5AA5}.Release|x64.ActiveCfg = Release|x64
		{CE82BA71-E4E6-4D97-A8FD-578645BA5AA5}.Release|x64.Build.0 = Release|x64
		{CE82BA71-E4E6-4D97-A8FD-578645BA5AA5}.Release|x86.ActiveCfg = Release|Win32
		{CE82BA71-E4E6-4D97-A8FD-578645BA5AA5}.Release|x86.Build.0 = Release|Win32
	EndGlobalSection
	GlobalSection(SolutionProperties) = preSolution
		HideSolutionNode = FALSE
	EndGlobalSection
	GlobalSection(ExtensibilityGlobals) = postSolution
		SolutionGuid = {29117766-AB68-4F39-9E6E-D6B72C4113A7}
	EndGlobalSection
EndGlobal
